
Microsoft Visual Studio Solution File, Format Version 11.00
# Visual Studio 2010
Project("{FAE04EC0-301F-11D3-BF4B-00C04F79EFBC}") = "Problem001", "Problem001\Problem001.csproj", "{654F65FF-858F-4B21-A066-34CBA278D572}"
EndProject
Project("{FAE04EC0-301F-11D3-BF4B-00C04F79EFBC}") = "Problem002", "Problem002\Problem002.csproj", "{8D6EA768-B162-4B03-AD88-B09ECFC9FEB9}"
EndProject
Project("{FAE04EC0-301F-11D3-BF4B-00C04F79EFBC}") = "Problem003", "Problem003\Problem003.csproj", "{288817BC-44D3-466E-891E-81E90A779B72}"
EndProject
Project("{FAE04EC0-301F-11D3-BF4B-00C04F79EFBC}") = "Problem004", "Problem004\Problem004.csproj", "{C01108E1-887C-4DE6-A0EA-A1269D8E60D5}"
EndProject
Project("{FAE04EC0-301F-11D3-BF4B-00C04F79EFBC}") = "Problem005", "Problem005\Problem005.csproj", "{E40EF13E-784D-4752-BAAA-7B9A9B2142B5}"
EndProject
Project("{FAE04EC0-301F-11D3-BF4B-00C04F79EFBC}") = "Problem006", "Problem006\Problem006.csproj", "{DE594607-5D1F-4B99-A072-5D0015929F0F}"
EndProject
Project("{FAE04EC0-301F-11D3-BF4B-00C04F79EFBC}") = "Problem007", "Problem007\Problem007.csproj", "{C830DAAB-92F0-48ED-8D70-EADA0E747E0C}"
EndProject
Project("{FAE04EC0-301F-11D3-BF4B-00C04F79EFBC}") = "Problem008", "Problem008\Problem008.csproj", "{A5A7F9E1-067E-43DB-B4BD-AC92A632ECC7}"
EndProject
Project("{FAE04EC0-301F-11D3-BF4B-00C04F79EFBC}") = "Problem009", "Problem009\Problem009.csproj", "{0BCC55DD-6336-4ACD-9BF8-EFCF0EB9AAED}"
EndProject
Project("{FAE04EC0-301F-11D3-BF4B-00C04F79EFBC}") = "Problem019", "Problem019\Problem019.csproj", "{63025A78-7C56-46DD-AAD1-FA468C0C1218}"
EndProject
Project("{FAE04EC0-301F-11D3-BF4B-00C04F79EFBC}") = "Problem079", "Problem079\Problem079.csproj", "{769ECD72-1D48-4389-9C71-CB5CF667A61B}"
EndProject
Global
	GlobalSection(SolutionConfigurationPlatforms) = preSolution
		Debug|x86 = Debug|x86
		Release|x86 = Release|x86
	EndGlobalSection
	GlobalSection(ProjectConfigurationPlatforms) = postSolution
		{654F65FF-858F-4B21-A066-34CBA278D572}.Debug|x86.ActiveCfg = Debug|x86
		{654F65FF-858F-4B21-A066-34CBA278D572}.Debug|x86.Build.0 = Debug|x86
		{654F65FF-858F-4B21-A066-34CBA278D572}.Release|x86.ActiveCfg = Release|x86
		{654F65FF-858F-4B21-A066-34CBA278D572}.Release|x86.Build.0 = Release|x86
		{8D6EA768-B162-4B03-AD88-B09ECFC9FEB9}.Debug|x86.ActiveCfg = Debug|x86
		{8D6EA768-B162-4B03-AD88-B09ECFC9FEB9}.Debug|x86.Build.0 = Debug|x86
		{8D6EA768-B162-4B03-AD88-B09ECFC9FEB9}.Release|x86.ActiveCfg = Release|x86
		{8D6EA768-B162-4B03-AD88-B09ECFC9FEB9}.Release|x86.Build.0 = Release|x86
		{288817BC-44D3-466E-891E-81E90A779B72}.Debug|x86.ActiveCfg = Debug|x86
		{288817BC-44D3-466E-891E-81E90A779B72}.Debug|x86.Build.0 = Debug|x86
		{288817BC-44D3-466E-891E-81E90A779B72}.Release|x86.ActiveCfg = Release|x86
		{288817BC-44D3-466E-891E-81E90A779B72}.Release|x86.Build.0 = Release|x86
		{C01108E1-887C-4DE6-A0EA-A1269D8E60D5}.Debug|x86.ActiveCfg = Debug|x86
		{C01108E1-887C-4DE6-A0EA-A1269D8E60D5}.Debug|x86.Build.0 = Debug|x86
		{C01108E1-887C-4DE6-A0EA-A1269D8E60D5}.Release|x86.ActiveCfg = Release|x86
		{C01108E1-887C-4DE6-A0EA-A1269D8E60D5}.Release|x86.Build.0 = Release|x86
		{E40EF13E-784D-4752-BAAA-7B9A9B2142B5}.Debug|x86.ActiveCfg = Debug|x86
		{E40EF13E-784D-4752-BAAA-7B9A9B2142B5}.Debug|x86.Build.0 = Debug|x86
		{E40EF13E-784D-4752-BAAA-7B9A9B2142B5}.Release|x86.ActiveCfg = Release|x86
		{E40EF13E-784D-4752-BAAA-7B9A9B2142B5}.Release|x86.Build.0 = Release|x86
		{DE594607-5D1F-4B99-A072-5D0015929F0F}.Debug|x86.ActiveCfg = Debug|x86
		{DE594607-5D1F-4B99-A072-5D0015929F0F}.Debug|x86.Build.0 = Debug|x86
		{DE594607-5D1F-4B99-A072-5D0015929F0F}.Release|x86.ActiveCfg = Release|x86
		{DE594607-5D1F-4B99-A072-5D0015929F0F}.Release|x86.Build.0 = Release|x86
		{C830DAAB-92F0-48ED-8D70-EADA0E747E0C}.Debug|x86.ActiveCfg = Debug|x86
		{C830DAAB-92F0-48ED-8D70-EADA0E747E0C}.Debug|x86.Build.0 = Debug|x86
		{C830DAAB-92F0-48ED-8D70-EADA0E747E0C}.Release|x86.ActiveCfg = Release|x86
		{C830DAAB-92F0-48ED-8D70-EADA0E747E0C}.Release|x86.Build.0 = Release|x86
		{A5A7F9E1-067E-43DB-B4BD-AC92A632ECC7}.Debug|x86.ActiveCfg = Debug|x86
		{A5A7F9E1-067E-43DB-B4BD-AC92A632ECC7}.Debug|x86.Build.0 = Debug|x86
		{A5A7F9E1-067E-43DB-B4BD-AC92A632ECC7}.Release|x86.ActiveCfg = Release|x86
		{A5A7F9E1-067E-43DB-B4BD-AC92A632ECC7}.Release|x86.Build.0 = Release|x86
		{0BCC55DD-6336-4ACD-9BF8-EFCF0EB9AAED}.Debug|x86.ActiveCfg = Debug|x86
		{0BCC55DD-6336-4ACD-9BF8-EFCF0EB9AAED}.Debug|x86.Build.0 = Debug|x86
		{0BCC55DD-6336-4ACD-9BF8-EFCF0EB9AAED}.Release|x86.ActiveCfg = Release|x86
		{0BCC55DD-6336-4ACD-9BF8-EFCF0EB9AAED}.Release|x86.Build.0 = Release|x86
		{63025A78-7C56-46DD-AAD1-FA468C0C1218}.Debug|x86.ActiveCfg = Debug|x86
		{63025A78-7C56-46DD-AAD1-FA468C0C1218}.Debug|x86.Build.0 = Debug|x86
		{63025A78-7C56-46DD-AAD1-FA468C0C1218}.Release|x86.ActiveCfg = Release|x86
		{63025A78-7C56-46DD-AAD1-FA468C0C1218}.Release|x86.Build.0 = Release|x86
		{769ECD72-1D48-4389-9C71-CB5CF667A61B}.Debug|x86.ActiveCfg = Debug|x86
		{769ECD72-1D48-4389-9C71-CB5CF667A61B}.Debug|x86.Build.0 = Debug|x86
		{769ECD72-1D48-4389-9C71-CB5CF667A61B}.Release|x86.ActiveCfg = Release|x86
		{769ECD72-1D48-4389-9C71-CB5CF667A61B}.Release|x86.Build.0 = Release|x86
	EndGlobalSection
	GlobalSection(SolutionProperties) = preSolution
		HideSolutionNode = FALSE
	EndGlobalSection
EndGlobal
